
Microsoft Visual Studio Solution File, Format Version 12.00
# Visual Studio Version 17
VisualStudioVersion = 17.11.35222.181
MinimumVisualStudioVersion = 10.0.40219.1
Project("{9A19103F-16F7-4668-BE54-9A1E7A4F7556}") = "LabWeb", "ShoppingList\LabWeb.csproj", "{61AB90C1-CFC4-41EC-9A9A-8EAB232A8188}"
EndProject
Project("{E53339B2-1760-4266-BCC7-CA923CBCF16C}") = "docker-compose", "docker-compose.dcproj", "{79664421-9876-4B66-8154-D85C02EECBC8}"
EndProject
Global
	GlobalSection(SolutionConfigurationPlatforms) = preSolution
		Debug|Any CPU = Debug|Any CPU
		Release|Any CPU = Release|Any CPU
	EndGlobalSection
	GlobalSection(ProjectConfigurationPlatforms) = postSolution
		{61AB90C1-CFC4-41EC-9A9A-8EAB232A8188}.Debug|Any CPU.ActiveCfg = Debug|Any CPU
		{61AB90C1-CFC4-41EC-9A9A-8EAB232A8188}.Debug|Any CPU.Build.0 = Debug|Any CPU
		{61AB90C1-CFC4-41EC-9A9A-8EAB232A8188}.Release|Any CPU.ActiveCfg = Release|Any CPU
		{61AB90C1-CFC4-41EC-9A9A-8EAB232A8188}.Release|Any CPU.Build.0 = Release|Any CPU
		{79664421-9876-4B66-8154-D85C02EECBC8}.Debug|Any CPU.ActiveCfg = Debug|Any CPU
		{79664421-9876-4B66-8154-D85C02EECBC8}.Debug|Any CPU.Build.0 = Debug|Any CPU
		{79664421-9876-4B66-8154-D85C02EECBC8}.Release|Any CPU.ActiveCfg = Release|Any CPU
		{79664421-9876-4B66-8154-D85C02EECBC8}.Release|Any CPU.Build.0 = Release|Any CPU
	EndGlobalSection
	GlobalSection(SolutionProperties) = preSolution
		HideSolutionNode = FALSE
	EndGlobalSection
	GlobalSection(ExtensibilityGlobals) = postSolution
		SolutionGuid = {E82C8CD0-56EB-4322-9049-1E5DFAFDE2CD}
	EndGlobalSection
EndGlobal
